// !$*UTF8*$!
{
	archiveVersion = 1;
	classes = {
	};
	objectVersion = 50;
	objects = {

/* Begin PBXBuildFile section */
		A7CDCA3D230336000096D3B8 /* AppDelegate.swift in Sources */ = {isa = PBXBuildFile; fileRef = A7CDCA3C230336000096D3B8 /* AppDelegate.swift */; };
		A7CDCA3F230336000096D3B8 /* ViewController.swift in Sources */ = {isa = PBXBuildFile; fileRef = A7CDCA3E230336000096D3B8 /* ViewController.swift */; };
		A7CDCA42230336000096D3B8 /* Main.storyboard in Resources */ = {isa = PBXBuildFile; fileRef = A7CDCA40230336000096D3B8 /* Main.storyboard */; };
		A7CDCA44230336010096D3B8 /* Assets.xcassets in Resources */ = {isa = PBXBuildFile; fileRef = A7CDCA43230336010096D3B8 /* Assets.xcassets */; };
		A7CDCA47230336010096D3B8 /* LaunchScreen.storyboard in Resources */ = {isa = PBXBuildFile; fileRef = A7CDCA45230336010096D3B8 /* LaunchScreen.storyboard */; };
		A7CDCA52230336010096D3B8 /* OpenWeatherTests.swift in Sources */ = {isa = PBXBuildFile; fileRef = A7CDCA51230336010096D3B8 /* OpenWeatherTests.swift */; };
		A7CDCA5D230336010096D3B8 /* OpenWeatherUITests.swift in Sources */ = {isa = PBXBuildFile; fileRef = A7CDCA5C230336010096D3B8 /* OpenWeatherUITests.swift */; };
/* End PBXBuildFile section */

/* Begin PBXContainerItemProxy section */
		A7CDCA4E230336010096D3B8 /* PBXContainerItemProxy */ = {
			isa = PBXContainerItemProxy;
			containerPortal = A7CDCA31230336000096D3B8 /* Project object */;
			proxyType = 1;
			remoteGlobalIDString = A7CDCA38230336000096D3B8;
			remoteInfo = OpenWeather;
		};
		A7CDCA59230336010096D3B8 /* PBXContainerItemProxy */ = {
			isa = PBXContainerItemProxy;
			containerPortal = A7CDCA31230336000096D3B8 /* Project object */;
			proxyType = 1;
			remoteGlobalIDString = A7CDCA38230336000096D3B8;
			remoteInfo = OpenWeather;
		};
/* End PBXContainerItemProxy section */

/* Begin PBXFileReference section */
		A7CDCA39230336000096D3B8 /* OpenWeather.app */ = {isa = PBXFileReference; explicitFileType = wrapper.application; includeInIndex = 0; path = OpenWeather.app; sourceTree = BUILT_PRODUCTS_DIR; };
		A7CDCA3C230336000096D3B8 /* AppDelegate.swift */ = {isa = PBXFileReference; lastKnownFileType = sourcecode.swift; path = AppDelegate.swift; sourceTree = "<group>"; };
		A7CDCA3E230336000096D3B8 /* ViewController.swift */ = {isa = PBXFileReference; lastKnownFileType = sourcecode.swift; path = ViewController.swift; sourceTree = "<group>"; };
		A7CDCA41230336000096D3B8 /* Base */ = {isa = PBXFileReference; lastKnownFileType = file.storyboard; name = Base; path = Base.lproj/Main.storyboard; sourceTree = "<group>"; };
		A7CDCA43230336010096D3B8 /* Assets.xcassets */ = {isa = PBXFileReference; lastKnownFileType = folder.assetcatalog; path = Assets.xcassets; sourceTree = "<group>"; };
		A7CDCA46230336010096D3B8 /* Base */ = {isa = PBXFileReference; lastKnownFileType = file.storyboard; name = Base; path = Base.lproj/LaunchScreen.storyboard; sourceTree = "<group>"; };
		A7CDCA48230336010096D3B8 /* Info.plist */ = {isa = PBXFileReference; lastKnownFileType = text.plist.xml; path = Info.plist; sourceTree = "<group>"; };
		A7CDCA4D230336010096D3B8 /* OpenWeatherTests.xctest */ = {isa = PBXFileReference; explicitFileType = wrapper.cfbundle; includeInIndex = 0; path = OpenWeatherTests.xctest; sourceTree = BUILT_PRODUCTS_DIR; };
		A7CDCA51230336010096D3B8 /* OpenWeatherTests.swift */ = {isa = PBXFileReference; lastKnownFileType = sourcecode.swift; path = OpenWeatherTests.swift; sourceTree = "<group>"; };
		A7CDCA53230336010096D3B8 /* Info.plist */ = {isa = PBXFileReference; lastKnownFileType = text.plist.xml; path = Info.plist; sourceTree = "<group>"; };
		A7CDCA58230336010096D3B8 /* OpenWeatherUITests.xctest */ = {isa = PBXFileReference; explicitFileType = wrapper.cfbundle; includeInIndex = 0; path = OpenWeatherUITests.xctest; sourceTree = BUILT_PRODUCTS_DIR; };
		A7CDCA5C230336010096D3B8 /* OpenWeatherUITests.swift */ = {isa = PBXFileReference; lastKnownFileType = sourcecode.swift; path = OpenWeatherUITests.swift; sourceTree = "<group>"; };
		A7CDCA5E230336010096D3B8 /* Info.plist */ = {isa = PBXFileReference; lastKnownFileType = text.plist.xml; path = Info.plist; sourceTree = "<group>"; };
/* End PBXFileReference section */

/* Begin PBXFrameworksBuildPhase section */
		A7CDCA36230336000096D3B8 /* Frameworks */ = {
			isa = PBXFrameworksBuildPhase;
			buildActionMask = 2147483647;
			files = (
			);
			runOnlyForDeploymentPostprocessing = 0;
		};
		A7CDCA4A230336010096D3B8 /* Frameworks */ = {
			isa = PBXFrameworksBuildPhase;
			buildActionMask = 2147483647;
			files = (
			);
			runOnlyForDeploymentPostprocessing = 0;
		};
		A7CDCA55230336010096D3B8 /* Frameworks */ = {
			isa = PBXFrameworksBuildPhase;
			buildActionMask = 2147483647;
			files = (
			);
			runOnlyForDeploymentPostprocessing = 0;
		};
/* End PBXFrameworksBuildPhase section */

/* Begin PBXGroup section */
		A7CDCA30230336000096D3B8 = {
			isa = PBXGroup;
			children = (
				A7CDCA3B230336000096D3B8 /* OpenWeather */,
				A7CDCA50230336010096D3B8 /* OpenWeatherTests */,
				A7CDCA5B230336010096D3B8 /* OpenWeatherUITests */,
				A7CDCA3A230336000096D3B8 /* Products */,
			);
			sourceTree = "<group>";
		};
		A7CDCA3A230336000096D3B8 /* Products */ = {
			isa = PBXGroup;
			children = (
				A7CDCA39230336000096D3B8 /* OpenWeather.app */,
				A7CDCA4D230336010096D3B8 /* OpenWeatherTests.xctest */,
				A7CDCA58230336010096D3B8 /* OpenWeatherUITests.xctest */,
			);
			name = Products;
			sourceTree = "<group>";
		};
		A7CDCA3B230336000096D3B8 /* OpenWeather */ = {
			isa = PBXGroup;
			children = (
				A7CDCA3C230336000096D3B8 /* AppDelegate.swift */,
				A7CDCA3E230336000096D3B8 /* ViewController.swift */,
				A7CDCA40230336000096D3B8 /* Main.storyboard */,
				A7CDCA43230336010096D3B8 /* Assets.xcassets */,
				A7CDCA45230336010096D3B8 /* LaunchScreen.storyboard */,
				A7CDCA48230336010096D3B8 /* Info.plist */,
			);
			path = OpenWeather;
			sourceTree = "<group>";
		};
		A7CDCA50230336010096D3B8 /* OpenWeatherTests */ = {
			isa = PBXGroup;
			children = (
				A7CDCA51230336010096D3B8 /* OpenWeatherTests.swift */,
				A7CDCA53230336010096D3B8 /* Info.plist */,
			);
			path = OpenWeatherTests;
			sourceTree = "<group>";
		};
		A7CDCA5B230336010096D3B8 /* OpenWeatherUITests */ = {
			isa = PBXGroup;
			children = (
				A7CDCA5C230336010096D3B8 /* OpenWeatherUITests.swift */,
				A7CDCA5E230336010096D3B8 /* Info.plist */,
			);
			path = OpenWeatherUITests;
			sourceTree = "<group>";
		};
/* End PBXGroup section */

/* Begin PBXNativeTarget section */
		A7CDCA38230336000096D3B8 /* OpenWeather */ = {
			isa = PBXNativeTarget;
			buildConfigurationList = A7CDCA61230336010096D3B8 /* Build configuration list for PBXNativeTarget "OpenWeather" */;
			buildPhases = (
				A7CDCA35230336000096D3B8 /* Sources */,
				A7CDCA36230336000096D3B8 /* Frameworks */,
				A7CDCA37230336000096D3B8 /* Resources */,
			);
			buildRules = (
			);
			dependencies = (
			);
			name = OpenWeather;
			productName = OpenWeather;
			productReference = A7CDCA39230336000096D3B8 /* OpenWeather.app */;
			productType = "com.apple.product-type.application";
		};
		A7CDCA4C230336010096D3B8 /* OpenWeatherTests */ = {
			isa = PBXNativeTarget;
			buildConfigurationList = A7CDCA64230336010096D3B8 /* Build configuration list for PBXNativeTarget "OpenWeatherTests" */;
			buildPhases = (
				A7CDCA49230336010096D3B8 /* Sources */,
				A7CDCA4A230336010096D3B8 /* Frameworks */,
				A7CDCA4B230336010096D3B8 /* Resources */,
			);
			buildRules = (
			);
			dependencies = (
				A7CDCA4F230336010096D3B8 /* PBXTargetDependency */,
			);
			name = OpenWeatherTests;
			productName = OpenWeatherTests;
			productReference = A7CDCA4D230336010096D3B8 /* OpenWeatherTests.xctest */;
			productType = "com.apple.product-type.bundle.unit-test";
		};
		A7CDCA57230336010096D3B8 /* OpenWeatherUITests */ = {
			isa = PBXNativeTarget;
			buildConfigurationList = A7CDCA67230336010096D3B8 /* Build configuration list for PBXNativeTarget "OpenWeatherUITests" */;
			buildPhases = (
				A7CDCA54230336010096D3B8 /* Sources */,
				A7CDCA55230336010096D3B8 /* Frameworks */,
				A7CDCA56230336010096D3B8 /* Resources */,
			);
			buildRules = (
			);
			dependencies = (
				A7CDCA5A230336010096D3B8 /* PBXTargetDependency */,
			);
			name = OpenWeatherUITests;
			productName = OpenWeatherUITests;
			productReference = A7CDCA58230336010096D3B8 /* OpenWeatherUITests.xctest */;
			productType = "com.apple.product-type.bundle.ui-testing";
		};
/* End PBXNativeTarget section */

/* Begin PBXProject section */
		A7CDCA31230336000096D3B8 /* Project object */ = {
			isa = PBXProject;
			attributes = {
				LastSwiftUpdateCheck = 1020;
				LastUpgradeCheck = 1020;
				ORGANIZATIONNAME = "Pablo Ortiz Rodriguez";
				TargetAttributes = {
					A7CDCA38230336000096D3B8 = {
						CreatedOnToolsVersion = 10.2.1;
					};
					A7CDCA4C230336010096D3B8 = {
						CreatedOnToolsVersion = 10.2.1;
						TestTargetID = A7CDCA38230336000096D3B8;
					};
					A7CDCA57230336010096D3B8 = {
						CreatedOnToolsVersion = 10.2.1;
						TestTargetID = A7CDCA38230336000096D3B8;
					};
				};
			};
			buildConfigurationList = A7CDCA34230336000096D3B8 /* Build configuration list for PBXProject "OpenWeather" */;
			compatibilityVersion = "Xcode 9.3";
			developmentRegion = en;
			hasScannedForEncodings = 0;
			knownRegions = (
				en,
				Base,
			);
			mainGroup = A7CDCA30230336000096D3B8;
			productRefGroup = A7CDCA3A230336000096D3B8 /* Products */;
			projectDirPath = "";
			projectRoot = "";
			targets = (
				A7CDCA38230336000096D3B8 /* OpenWeather */,
				A7CDCA4C230336010096D3B8 /* OpenWeatherTests */,
				A7CDCA57230336010096D3B8 /* OpenWeatherUITests */,
			);
		};
/* End PBXProject section */

/* Begin PBXResourcesBuildPhase section */
		A7CDCA37230336000096D3B8 /* Resources */ = {
			isa = PBXResourcesBuildPhase;
			buildActionMask = 2147483647;
			files = (
				A7CDCA47230336010096D3B8 /* LaunchScreen.storyboard in Resources */,
				A7CDCA44230336010096D3B8 /* Assets.xcassets in Resources */,
				A7CDCA42230336000096D3B8 /* Main.storyboard in Resources */,
			);
			runOnlyForDeploymentPostprocessing = 0;
		};
		A7CDCA4B230336010096D3B8 /* Resources */ = {
			isa = PBXResourcesBuildPhase;
			buildActionMask = 2147483647;
			files = (
			);
			runOnlyForDeploymentPostprocessing = 0;
		};
		A7CDCA56230336010096D3B8 /* Resources */ = {
			isa = PBXResourcesBuildPhase;
			buildActionMask = 2147483647;
			files = (
			);
			runOnlyForDeploymentPostprocessing = 0;
		};
/* End PBXResourcesBuildPhase section */

/* Begin PBXSourcesBuildPhase section */
		A7CDCA35230336000096D3B8 /* Sources */ = {
			isa = PBXSourcesBuildPhase;
			buildActionMask = 2147483647;
			files = (
				A7CDCA3F230336000096D3B8 /* ViewController.swift in Sources */,
				A7CDCA3D230336000096D3B8 /* AppDelegate.swift in Sources */,
			);
			runOnlyForDeploymentPostprocessing = 0;
		};
		A7CDCA49230336010096D3B8 /* Sources */ = {
			isa = PBXSourcesBuildPhase;
			buildActionMask = 2147483647;
			files = (
				A7CDCA52230336010096D3B8 /* OpenWeatherTests.swift in Sources */,
			);
			runOnlyForDeploymentPostprocessing = 0;
		};
		A7CDCA54230336010096D3B8 /* Sources */ = {
			isa = PBXSourcesBuildPhase;
			buildActionMask = 2147483647;
			files = (
				A7CDCA5D230336010096D3B8 /* OpenWeatherUITests.swift in Sources */,
			);
			runOnlyForDeploymentPostprocessing = 0;
		};
/* End PBXSourcesBuildPhase section */

/* Begin PBXTargetDependency section */
		A7CDCA4F230336010096D3B8 /* PBXTargetDependency */ = {
			isa = PBXTargetDependency;
			target = A7CDCA38230336000096D3B8 /* OpenWeather */;
			targetProxy = A7CDCA4E230336010096D3B8 /* PBXContainerItemProxy */;
		};
		A7CDCA5A230336010096D3B8 /* PBXTargetDependency */ = {
			isa = PBXTargetDependency;
			target = A7CDCA38230336000096D3B8 /* OpenWeather */;
			targetProxy = A7CDCA59230336010096D3B8 /* PBXContainerItemProxy */;
		};
/* End PBXTargetDependency section */

/* Begin PBXVariantGroup section */
		A7CDCA40230336000096D3B8 /* Main.storyboard */ = {
			isa = PBXVariantGroup;
			children = (
				A7CDCA41230336000096D3B8 /* Base */,
			);
			name = Main.storyboard;
			sourceTree = "<group>";
		};
		A7CDCA45230336010096D3B8 /* LaunchScreen.storyboard */ = {
			isa = PBXVariantGroup;
			children = (
				A7CDCA46230336010096D3B8 /* Base */,
			);
			name = LaunchScreen.storyboard;
			sourceTree = "<group>";
		};
/* End PBXVariantGroup section */

/* Begin XCBuildConfiguration section */
		A7CDCA5F230336010096D3B8 /* Debug */ = {
			isa = XCBuildConfiguration;
			buildSettings = {
				ALWAYS_SEARCH_USER_PATHS = NO;
				CLANG_ANALYZER_NONNULL = YES;
				CLANG_ANALYZER_NUMBER_OBJECT_CONVERSION = YES_AGGRESSIVE;
				CLANG_CXX_LANGUAGE_STANDARD = "gnu++14";
				CLANG_CXX_LIBRARY = "libc++";
				CLANG_ENABLE_MODULES = YES;
				CLANG_ENABLE_OBJC_ARC = YES;
				CLANG_ENABLE_OBJC_WEAK = YES;
				CLANG_WARN_BLOCK_CAPTURE_AUTORELEASING = YES;
				CLANG_WARN_BOOL_CONVERSION = YES;
				CLANG_WARN_COMMA = YES;
				CLANG_WARN_CONSTANT_CONVERSION = YES;
				CLANG_WARN_DEPRECATED_OBJC_IMPLEMENTATIONS = YES;
				CLANG_WARN_DIRECT_OBJC_ISA_USAGE = YES_ERROR;
				CLANG_WARN_DOCUMENTATION_COMMENTS = YES;
				CLANG_WARN_EMPTY_BODY = YES;
				CLANG_WARN_ENUM_CONVERSION = YES;
				CLANG_WARN_INFINITE_RECURSION = YES;
				CLANG_WARN_INT_CONVERSION = YES;
				CLANG_WARN_NON_LITERAL_NULL_CONVERSION = YES;
				CLANG_WARN_OBJC_IMPLICIT_RETAIN_SELF = YES;
				CLANG_WARN_OBJC_LITERAL_CONVERSION = YES;
				CLANG_WARN_OBJC_ROOT_CLASS = YES_ERROR;
				CLANG_WARN_RANGE_LOOP_ANALYSIS = YES;
				CLANG_WARN_STRICT_PROTOTYPES = YES;
				CLANG_WARN_SUSPICIOUS_MOVE = YES;
				CLANG_WARN_UNGUARDED_AVAILABILITY = YES_AGGRESSIVE;
				CLANG_WARN_UNREACHABLE_CODE = YES;
				CLANG_WARN__DUPLICATE_METHOD_MATCH = YES;
				CODE_SIGN_IDENTITY = "iPhone Developer";
				COPY_PHASE_STRIP = NO;
				DEBUG_INFORMATION_FORMAT = dwarf;
				ENABLE_STRICT_OBJC_MSGSEND = YES;
				ENABLE_TESTABILITY = YES;
				GCC_C_LANGUAGE_STANDARD = gnu11;
				GCC_DYNAMIC_NO_PIC = NO;
				GCC_NO_COMMON_BLOCKS = YES;
				GCC_OPTIMIZATION_LEVEL = 0;
				GCC_PREPROCESSOR_DEFINITIONS = (
					"DEBUG=1",
					"$(inherited)",
				);
				GCC_WARN_64_TO_32_BIT_CONVERSION = YES;
				GCC_WARN_ABOUT_RETURN_TYPE = YES_ERROR;
				GCC_WARN_UNDECLARED_SELECTOR = YES;
				GCC_WARN_UNINITIALIZED_AUTOS = YES_AGGRESSIVE;
				GCC_WARN_UNUSED_FUNCTION = YES;
				GCC_WARN_UNUSED_VARIABLE = YES;
				IPHONEOS_DEPLOYMENT_TARGET = 12.2;
				MTL_ENABLE_DEBUG_INFO = INCLUDE_SOURCE;
				MTL_FAST_MATH = YES;
				ONLY_ACTIVE_ARCH = YES;
				SDKROOT = iphoneos;
				SWIFT_ACTIVE_COMPILATION_CONDITIONS = DEBUG;
				SWIFT_OPTIMIZATION_LEVEL = "-Onone";
			};
			name = Debug;
		};
		A7CDCA60230336010096D3B8 /* Release */ = {
			isa = XCBuildConfiguration;
			buildSettings = {
				ALWAYS_SEARCH_USER_PATHS = NO;
				CLANG_ANALYZER_NONNULL = YES;
				CLANG_ANALYZER_NUMBER_OBJECT_CONVERSION = YES_AGGRESSIVE;
				CLANG_CXX_LANGUAGE_STANDARD = "gnu++14";
				CLANG_CXX_LIBRARY = "libc++";
				CLANG_ENABLE_MODULES = YES;
				CLANG_ENABLE_OBJC_ARC = YES;
				CLANG_ENABLE_OBJC_WEAK = YES;
				CLANG_WARN_BLOCK_CAPTURE_AUTORELEASING = YES;
				CLANG_WARN_BOOL_CONVERSION = YES;
				CLANG_WARN_COMMA = YES;
				CLANG_WARN_CONSTANT_CONVERSION = YES;
				CLANG_WARN_DEPRECATED_OBJC_IMPLEMENTATIONS = YES;
				CLANG_WARN_DIRECT_OBJC_ISA_USAGE = YES_ERROR;
				CLANG_WARN_DOCUMENTATION_COMMENTS = YES;
				CLANG_WARN_EMPTY_BODY = YES;
				CLANG_WARN_ENUM_CONVERSION = YES;
				CLANG_WARN_INFINITE_RECURSION = YES;
				CLANG_WARN_INT_CONVERSION = YES;
				CLANG_WARN_NON_LITERAL_NULL_CONVERSION = YES;
				CLANG_WARN_OBJC_IMPLICIT_RETAIN_SELF = YES;
				CLANG_WARN_OBJC_LITERAL_CONVERSION = YES;
				CLANG_WARN_OBJC_ROOT_CLASS = YES_ERROR;
				CLANG_WARN_RANGE_LOOP_ANALYSIS = YES;
				CLANG_WARN_STRICT_PROTOTYPES = YES;
				CLANG_WARN_SUSPICIOUS_MOVE = YES;
				CLANG_WARN_UNGUARDED_AVAILABILITY = YES_AGGRESSIVE;
				CLANG_WARN_UNREACHABLE_CODE = YES;
				CLANG_WARN__DUPLICATE_METHOD_MATCH = YES;
				CODE_SIGN_IDENTITY = "iPhone Developer";
				COPY_PHASE_STRIP = NO;
				DEBUG_INFORMATION_FORMAT = "dwarf-with-dsym";
				ENABLE_NS_ASSERTIONS = NO;
				ENABLE_STRICT_OBJC_MSGSEND = YES;
				GCC_C_LANGUAGE_STANDARD = gnu11;
				GCC_NO_COMMON_BLOCKS = YES;
				GCC_WARN_64_TO_32_BIT_CONVERSION = YES;
				GCC_WARN_ABOUT_RETURN_TYPE = YES_ERROR;
				GCC_WARN_UNDECLARED_SELECTOR = YES;
				GCC_WARN_UNINITIALIZED_AUTOS = YES_AGGRESSIVE;
				GCC_WARN_UNUSED_FUNCTION = YES;
				GCC_WARN_UNUSED_VARIABLE = YES;
				IPHONEOS_DEPLOYMENT_TARGET = 12.2;
				MTL_ENABLE_DEBUG_INFO = NO;
				MTL_FAST_MATH = YES;
				SDKROOT = iphoneos;
				SWIFT_COMPILATION_MODE = wholemodule;
				SWIFT_OPTIMIZATION_LEVEL = "-O";
				VALIDATE_PRODUCT = YES;
			};
			name = Release;
		};
		A7CDCA62230336010096D3B8 /* Debug */ = {
			isa = XCBuildConfiguration;
			buildSettings = {
				ASSETCATALOG_COMPILER_APPICON_NAME = AppIcon;
				CODE_SIGN_STYLE = Automatic;
				DEVELOPMENT_TEAM = 49SA3PV5N8;
				INFOPLIST_FILE = OpenWeather/Info.plist;
				LD_RUNPATH_SEARCH_PATHS = (
					"$(inherited)",
					"@executable_path/Frameworks",
				);
				PRODUCT_BUNDLE_IDENTIFIER = pablo.ortiz.rodriguez.com.OpenWeather;
				PRODUCT_NAME = "$(TARGET_NAME)";
				SWIFT_VERSION = 5.0;
				TARGETED_DEVICE_FAMILY = "1,2";
			};
			name = Debug;
		};
		A7CDCA63230336010096D3B8 /* Release */ = {
			isa = XCBuildConfiguration;
			buildSettings = {
				ASSETCATALOG_COMPILER_APPICON_NAME = AppIcon;
				CODE_SIGN_STYLE = Automatic;
				DEVELOPMENT_TEAM = 49SA3PV5N8;
				INFOPLIST_FILE = OpenWeather/Info.plist;
				LD_RUNPATH_SEARCH_PATHS = (
					"$(inherited)",
					"@executable_path/Frameworks",
				);
				PRODUCT_BUNDLE_IDENTIFIER = pablo.ortiz.rodriguez.com.OpenWeather;
				PRODUCT_NAME = "$(TARGET_NAME)";
				SWIFT_VERSION = 5.0;
				TARGETED_DEVICE_FAMILY = "1,2";
			};
			name = Release;
		};
		A7CDCA65230336010096D3B8 /* Debug */ = {
			isa = XCBuildConfiguration;
			buildSettings = {
				ALWAYS_EMBED_SWIFT_STANDARD_LIBRARIES = YES;
				BUNDLE_LOADER = "$(TEST_HOST)";
				CODE_SIGN_STYLE = Automatic;
				DEVELOPMENT_TEAM = 49SA3PV5N8;
				INFOPLIST_FILE = OpenWeatherTests/Info.plist;
				LD_RUNPATH_SEARCH_PATHS = (
					"$(inherited)",
					"@executable_path/Frameworks",
					"@loader_path/Frameworks",
				);
				PRODUCT_BUNDLE_IDENTIFIER = pablo.ortiz.rodriguez.com.OpenWeatherTests;
				PRODUCT_NAME = "$(TARGET_NAME)";
				SWIFT_VERSION = 5.0;
				TARGETED_DEVICE_FAMILY = "1,2";
				TEST_HOST = "$(BUILT_PRODUCTS_DIR)/OpenWeather.app/OpenWeather";
			};
			name = Debug;
		};
		A7CDCA66230336010096D3B8 /* Release */ = {
			isa = XCBuildConfiguration;
			buildSettings = {
				ALWAYS_EMBED_SWIFT_STANDARD_LIBRARIES = YES;
				BUNDLE_LOADER = "$(TEST_HOST)";
				CODE_SIGN_STYLE = Automatic;
				DEVELOPMENT_TEAM = 49SA3PV5N8;
				INFOPLIST_FILE = OpenWeatherTests/Info.plist;
				LD_RUNPATH_SEARCH_PATHS = (
					"$(inherited)",
					"@executable_path/Frameworks",
					"@loader_path/Frameworks",
				);
				PRODUCT_BUNDLE_IDENTIFIER = pablo.ortiz.rodriguez.com.OpenWeatherTests;
				PRODUCT_NAME = "$(TARGET_NAME)";
				SWIFT_VERSION = 5.0;
				TARGETED_DEVICE_FAMILY = "1,2";
				TEST_HOST = "$(BUILT_PRODUCTS_DIR)/OpenWeather.app/OpenWeather";
			};
			name = Release;
		};
		A7CDCA68230336010096D3B8 /* Debug */ = {
			isa = XCBuildConfiguration;
			buildSettings = {
				ALWAYS_EMBED_SWIFT_STANDARD_LIBRARIES = YES;
				CODE_SIGN_STYLE = Automatic;
				DEVELOPMENT_TEAM = 49SA3PV5N8;
				INFOPLIST_FILE = OpenWeatherUITests/Info.plist;
				LD_RUNPATH_SEARCH_PATHS = (
					"$(inherited)",
					"@executable_path/Frameworks",
					"@loader_path/Frameworks",
				);
				PRODUCT_BUNDLE_IDENTIFIER = pablo.ortiz.rodriguez.com.OpenWeatherUITests;
				PRODUCT_NAME = "$(TARGET_NAME)";
				SWIFT_VERSION = 5.0;
				TARGETED_DEVICE_FAMILY = "1,2";
				TEST_TARGET_NAME = OpenWeather;
			};
			name = Debug;
		};
		A7CDCA69230336010096D3B8 /* Release */ = {
			isa = XCBuildConfiguration;
			buildSettings = {
				ALWAYS_EMBED_SWIFT_STANDARD_LIBRARIES = YES;
				CODE_SIGN_STYLE = Automatic;
				DEVELOPMENT_TEAM = 49SA3PV5N8;
				INFOPLIST_FILE = OpenWeatherUITests/Info.plist;
				LD_RUNPATH_SEARCH_PATHS = (
					"$(inherited)",
					"@executable_path/Frameworks",
					"@loader_path/Frameworks",
				);
				PRODUCT_BUNDLE_IDENTIFIER = pablo.ortiz.rodriguez.com.OpenWeatherUITests;
				PRODUCT_NAME = "$(TARGET_NAME)";
				SWIFT_VERSION = 5.0;
				TARGETED_DEVICE_FAMILY = "1,2";
				TEST_TARGET_NAME = OpenWeather;
			};
			name = Release;
		};
/* End XCBuildConfiguration section */

/* Begin XCConfigurationList section */
		A7CDCA34230336000096D3B8 /* Build configuration list for PBXProject "OpenWeather" */ = {
			isa = XCConfigurationList;
			buildConfigurations = (
				A7CDCA5F230336010096D3B8 /* Debug */,
				A7CDCA60230336010096D3B8 /* Release */,
			);
			defaultConfigurationIsVisible = 0;
			defaultConfigurationName = Release;
		};
		A7CDCA61230336010096D3B8 /* Build configuration list for PBXNativeTarget "OpenWeather" */ = {
			isa = XCConfigurationList;
			buildConfigurations = (
				A7CDCA62230336010096D3B8 /* Debug */,
				A7CDCA63230336010096D3B8 /* Release */,
			);
			defaultConfigurationIsVisible = 0;
			defaultConfigurationName = Release;
		};
		A7CDCA64230336010096D3B8 /* Build configuration list for PBXNativeTarget "OpenWeatherTests" */ = {
			isa = XCConfigurationList;
			buildConfigurations = (
				A7CDCA65230336010096D3B8 /* Debug */,
				A7CDCA66230336010096D3B8 /* Release */,
			);
			defaultConfigurationIsVisible = 0;
			defaultConfigurationName = Release;
		};
		A7CDCA67230336010096D3B8 /* Build configuration list for PBXNativeTarget "OpenWeatherUITests" */ = {
			isa = XCConfigurationList;
			buildConfigurations = (
				A7CDCA68230336010096D3B8 /* Debug */,
				A7CDCA69230336010096D3B8 /* Release */,
			);
			defaultConfigurationIsVisible = 0;
			defaultConfigurationName = Release;
		};
/* End XCConfigurationList section */
	};
	rootObject = A7CDCA31230336000096D3B8 /* Project object */;
}
